<?xml version="1.0" encoding="utf-8"?>
<Project ToolsVersion="4.0" xmlns="http://schemas.microsoft.com/developer/msbuild/2003">
  <ItemGroup>
    <Filter Include="Source Files">
      <UniqueIdentifier>{4FC737F1-C7A5-4376-A066-2A32D752A2FF}</UniqueIdentifier>
      <Extensions>cpp;c;cc;cxx;def;odl;idl;hpj;bat;asm;asmx</Extensions>
    </Filter>
    <Filter Include="Header Files">
      <UniqueIdentifier>{93995380-89BD-4b04-88EB-625FBE52EBFB}</UniqueIdentifier>
      <Extensions>h;hh;hpp;hxx;hm;inl;inc;ipp;xsd</Extensions>
    </Filter>
    <Filter Include="Resource Files">
      <UniqueIdentifier>{67DA6AB6-F800-4c08-8B7A-83BB121AAD01}</UniqueIdentifier>
      <Extensions>rc;ico;cur;bmp;dlg;rc2;rct;bin;rgs;gif;jpg;jpeg;jpe;resx;tiff;tif;png;wav;mfcribbon-ms</Extensions>
    </Filter>
  </ItemGroup>
  <ItemGroup>
    <ClCompile Include="Src\main.cpp">
      <Filter>Source Files</Filter>
    </ClCompile>
    <ClCompile Include="Src\Game.cpp">
      <Filter>Source Files</Filter>
    </ClCompile>
    <ClCompile Include="Src\Tools\Timer.cpp">
      <Filter>Source Files</Filter>
    </ClCompile>
    <ClCompile Include="Src\Tools\TM.cpp">
      <Filter>Source Files</Filter>
    </ClCompile>
    <ClCompile Include="Src\Tools\InputSystem.cpp">
      <Filter>Source Files</Filter>
    </ClCompile>
    <ClCompile Include="Src\Tools\Font.cpp">
      <Filter>Source Files</Filter>
    </ClCompile>
    <ClCompile Include="Src\Tools\Rect.cpp">
      <Filter>Source Files</Filter>
    </ClCompile>
    <ClCompile Include="Src\Tools\FRect.cpp">
      <Filter>Source Files</Filter>
    </ClCompile>
    <ClCompile Include="Src\Setup.cpp">
      <Filter>Source Files</Filter>
    </ClCompile>
    <ClCompile Include="Src\Quadtree.cpp">
      <Filter>Source Files</Filter>
    </ClCompile>
    <ClCompile Include="Src\Entity.cpp">
      <Filter>Source Files</Filter>
    </ClCompile>
    <ClCompile Include="Src\Tools\DebugTools.cpp">
      <Filter>Source Files</Filter>
    </ClCompile>
    <ClCompile Include="Src\Tools\Menu\Overlay\BoolButton.cpp">
      <Filter>Source Files</Filter>
    </ClCompile>
    <ClCompile Include="Src\Tools\Menu\Overlay\NumberButton.cpp">
      <Filter>Source Files</Filter>
    </ClCompile>
    <ClCompile Include="Src\Tools\Menu\Overlay\Overlay.cpp">
      <Filter>Source Files</Filter>
    </ClCompile>
    <ClCompile Include="Src\Tools\Menu\Dropdown.cpp">
      <Filter>Source Files</Filter>
    </ClCompile>
  </ItemGroup>
  <ItemGroup>
    <ClInclude Include="Src\Game.h">
      <Filter>Header Files</Filter>
    </ClInclude>
    <ClInclude Include="Src\Tools\TM.h">
      <Filter>Header Files</Filter>
    </ClInclude>
    <ClInclude Include="Src\Tools\Timer.h">
      <Filter>Header Files</Filter>
    </ClInclude>
    <ClInclude Include="Src\Tools\InputSystem.h">
      <Filter>Header Files</Filter>
    </ClInclude>
    <ClInclude Include="Src\includes.h">
      <Filter>Header Files</Filter>
    </ClInclude>
    <ClInclude Include="Src\Tools\Font.h">
      <Filter>Header Files</Filter>
    </ClInclude>
    <ClInclude Include="Src\Tools\Rect.h">
      <Filter>Header Files</Filter>
    </ClInclude>
    <ClInclude Include="Src\Tools\FRect.h">
      <Filter>Header Files</Filter>
    </ClInclude>
    <ClInclude Include="Src\Setup.h">
      <Filter>Header Files</Filter>
    </ClInclude>
    <ClInclude Include="Src\Quadtree.h">
      <Filter>Header Files</Filter>
    </ClInclude>
    <ClInclude Include="Src\Entity.h">
      <Filter>Header Files</Filter>
    </ClInclude>
    <ClInclude Include="Src\Tools\DebugTools.h">
      <Filter>Header Files</Filter>
    </ClInclude>
    <ClInclude Include="Src\Tools\Menu\Overlay\BoolButton.h">
      <Filter>Header Files</Filter>
    </ClInclude>
    <ClInclude Include="Src\Tools\Menu\Overlay\Button.h">
      <Filter>Header Files</Filter>
    </ClInclude>
    <ClInclude Include="Src\Tools\Menu\Overlay\NumberButton.h">
      <Filter>Header Files</Filter>
    </ClInclude>
    <ClInclude Include="Src\Tools\Menu\Overlay\Overlay.h">
      <Filter>Header Files</Filter>
    </ClInclude>
    <ClInclude Include="Src\Tools\Menu\Dropdown.h">
      <Filter>Header Files</Filter>
    </ClInclude>
  </ItemGroup>
  <ItemGroup>
    <Font Include="Fonts\8bitoperator_jve.ttf" />
    <Font Include="Fonts\emulogic.ttf" />
    <Font Include="Fonts\ka1.ttf" />
    <Font Include="Fonts\West Side.otf" />
  </ItemGroup>
  <ItemGroup>
    <None Include="Fonts\Readme.html" />
  </ItemGroup>
  <ItemGroup>
    <Text Include="Fonts\readme.txt" />
  </ItemGroup>
</Project>